<Solution>
  <Configurations>
    <BuildType Name="Debug" />
    <BuildType Name="Release" />
    <BuildType Name="Release-LocalHost" />
    <Platform Name="x64" />
    <Platform Name="x86" />
  </Configurations>
  <Project Path="WebShell/WebShell.vcxproj" Id="07116900-9a49-4608-bcc6-692be6b8f557" />
</Solution>
